
Microsoft Visual Studio Solution File, Format Version 12.00
# Visual Studio Version 17
VisualStudioVersion = 17.13.35825.156 d17.13
MinimumVisualStudioVersion = 10.0.40219.1
Project("{FAE04EC0-301F-11D3-BF4B-00C04F79EFBC}") = "Lists", "Lists.csproj", "{7ECBB5F6-B926-4884-9A32-779E9B6CB0A8}"
EndProject
Global
	GlobalSection(SolutionConfigurationPlatforms) = preSolution
		Debug|Any CPU = Debug|Any CPU
		Release|Any CPU = Release|Any CPU
	EndGlobalSection
	GlobalSection(ProjectConfigurationPlatforms) = postSolution
		{7ECBB5F6-B926-4884-9A32-779E9B6CB0A8}.Debug|Any CPU.ActiveCfg = Debug|Any CPU
		{7ECBB5F6-B926-4884-9A32-779E9B6CB0A8}.Debug|Any CPU.Build.0 = Debug|Any CPU
		{7ECBB5F6-B926-4884-9A32-779E9B6CB0A8}.Release|Any CPU.ActiveCfg = Release|Any CPU
		{7ECBB5F6-B926-4884-9A32-779E9B6CB0A8}.Release|Any CPU.Build.0 = Release|Any CPU
	EndGlobalSection
	GlobalSection(SolutionProperties) = preSolution
		HideSolutionNode = FALSE
	EndGlobalSection
	GlobalSection(ExtensibilityGlobals) = postSolution
		SolutionGuid = {345DA3FE-06A7-49C4-82AF-F9BD2FB3E378}
	EndGlobalSection
EndGlobal
